// !$*UTF8*$!
{
	archiveVersion = 1;
	classes = {
	};
	objectVersion = 50;
	objects = {

/* Begin PBXBuildFile section */
		0A82C50E215DB453005E3001 /* AppDelegate.swift in Sources */ = {isa = PBXBuildFile; fileRef = 0A82C50D215DB453005E3001 /* AppDelegate.swift */; };
		0A82C510215DB453005E3001 /* ViewController.swift in Sources */ = {isa = PBXBuildFile; fileRef = 0A82C50F215DB453005E3001 /* ViewController.swift */; };
		0A82C513215DB453005E3001 /* Main.storyboard in Resources */ = {isa = PBXBuildFile; fileRef = 0A82C511215DB453005E3001 /* Main.storyboard */; };
		0A82C515215DB455005E3001 /* Assets.xcassets in Resources */ = {isa = PBXBuildFile; fileRef = 0A82C514215DB455005E3001 /* Assets.xcassets */; };
		0A82C518215DB455005E3001 /* LaunchScreen.storyboard in Resources */ = {isa = PBXBuildFile; fileRef = 0A82C516215DB455005E3001 /* LaunchScreen.storyboard */; };
		0A82C523215DB455005E3001 /* ChatifyTests.swift in Sources */ = {isa = PBXBuildFile; fileRef = 0A82C522215DB455005E3001 /* ChatifyTests.swift */; };
		0A82C52E215DB455005E3001 /* ChatifyUITests.swift in Sources */ = {isa = PBXBuildFile; fileRef = 0A82C52D215DB455005E3001 /* ChatifyUITests.swift */; };
		2AD6D6E1DAC5AF7D990D0D04 /* Pods_ChatifyTests.framework in Frameworks */ = {isa = PBXBuildFile; fileRef = 5703E8F5E2E00BF0BCB4013F /* Pods_ChatifyTests.framework */; };
		812DC036E2D6AD10C277668A /* Pods_Chatify.framework in Frameworks */ = {isa = PBXBuildFile; fileRef = 8EA0F6B709BA0A06EE3F5B91 /* Pods_Chatify.framework */; };
		D3B606487008B6303F862A6B /* Pods_ChatifyUITests.framework in Frameworks */ = {isa = PBXBuildFile; fileRef = 71BC2CA6BFA61B07A9B87331 /* Pods_ChatifyUITests.framework */; };
/* End PBXBuildFile section */

/* Begin PBXContainerItemProxy section */
		0A82C51F215DB455005E3001 /* PBXContainerItemProxy */ = {
			isa = PBXContainerItemProxy;
			containerPortal = 0A82C502215DB453005E3001 /* Project object */;
			proxyType = 1;
			remoteGlobalIDString = 0A82C509215DB453005E3001;
			remoteInfo = Chatify;
		};
		0A82C52A215DB455005E3001 /* PBXContainerItemProxy */ = {
			isa = PBXContainerItemProxy;
			containerPortal = 0A82C502215DB453005E3001 /* Project object */;
			proxyType = 1;
			remoteGlobalIDString = 0A82C509215DB453005E3001;
			remoteInfo = Chatify;
		};
/* End PBXContainerItemProxy section */

/* Begin PBXFileReference section */
		0A82C50A215DB453005E3001 /* Chatify.app */ = {isa = PBXFileReference; explicitFileType = wrapper.application; includeInIndex = 0; path = Chatify.app; sourceTree = BUILT_PRODUCTS_DIR; };
		0A82C50D215DB453005E3001 /* AppDelegate.swift */ = {isa = PBXFileReference; lastKnownFileType = sourcecode.swift; path = AppDelegate.swift; sourceTree = "<group>"; };
		0A82C50F215DB453005E3001 /* ViewController.swift */ = {isa = PBXFileReference; lastKnownFileType = sourcecode.swift; path = ViewController.swift; sourceTree = "<group>"; };
		0A82C512215DB453005E3001 /* Base */ = {isa = PBXFileReference; lastKnownFileType = file.storyboard; name = Base; path = Base.lproj/Main.storyboard; sourceTree = "<group>"; };
		0A82C514215DB455005E3001 /* Assets.xcassets */ = {isa = PBXFileReference; lastKnownFileType = folder.assetcatalog; path = Assets.xcassets; sourceTree = "<group>"; };
		0A82C517215DB455005E3001 /* Base */ = {isa = PBXFileReference; lastKnownFileType = file.storyboard; name = Base; path = Base.lproj/LaunchScreen.storyboard; sourceTree = "<group>"; };
		0A82C519215DB455005E3001 /* Info.plist */ = {isa = PBXFileReference; lastKnownFileType = text.plist.xml; path = Info.plist; sourceTree = "<group>"; };
		0A82C51E215DB455005E3001 /* ChatifyTests.xctest */ = {isa = PBXFileReference; explicitFileType = wrapper.cfbundle; includeInIndex = 0; path = ChatifyTests.xctest; sourceTree = BUILT_PRODUCTS_DIR; };
		0A82C522215DB455005E3001 /* ChatifyTests.swift */ = {isa = PBXFileReference; lastKnownFileType = sourcecode.swift; path = ChatifyTests.swift; sourceTree = "<group>"; };
		0A82C524215DB455005E3001 /* Info.plist */ = {isa = PBXFileReference; lastKnownFileType = text.plist.xml; path = Info.plist; sourceTree = "<group>"; };
		0A82C529215DB455005E3001 /* ChatifyUITests.xctest */ = {isa = PBXFileReference; explicitFileType = wrapper.cfbundle; includeInIndex = 0; path = ChatifyUITests.xctest; sourceTree = BUILT_PRODUCTS_DIR; };
		0A82C52D215DB455005E3001 /* ChatifyUITests.swift */ = {isa = PBXFileReference; lastKnownFileType = sourcecode.swift; path = ChatifyUITests.swift; sourceTree = "<group>"; };
		0A82C52F215DB455005E3001 /* Info.plist */ = {isa = PBXFileReference; lastKnownFileType = text.plist.xml; path = Info.plist; sourceTree = "<group>"; };
		14B5D3B63308645D8A29708C /* Pods-Chatify.release.xcconfig */ = {isa = PBXFileReference; includeInIndex = 1; lastKnownFileType = text.xcconfig; name = "Pods-Chatify.release.xcconfig"; path = "Pods/Target Support Files/Pods-Chatify/Pods-Chatify.release.xcconfig"; sourceTree = "<group>"; };
		485E740DD805EF65FC5AB314 /* Pods-ChatifyTests.release.xcconfig */ = {isa = PBXFileReference; includeInIndex = 1; lastKnownFileType = text.xcconfig; name = "Pods-ChatifyTests.release.xcconfig"; path = "Pods/Target Support Files/Pods-ChatifyTests/Pods-ChatifyTests.release.xcconfig"; sourceTree = "<group>"; };
		5703E8F5E2E00BF0BCB4013F /* Pods_ChatifyTests.framework */ = {isa = PBXFileReference; explicitFileType = wrapper.framework; includeInIndex = 0; path = Pods_ChatifyTests.framework; sourceTree = BUILT_PRODUCTS_DIR; };
		71BC2CA6BFA61B07A9B87331 /* Pods_ChatifyUITests.framework */ = {isa = PBXFileReference; explicitFileType = wrapper.framework; includeInIndex = 0; path = Pods_ChatifyUITests.framework; sourceTree = BUILT_PRODUCTS_DIR; };
		75048E86EB7099384A824B76 /* Pods-Chatify.debug.xcconfig */ = {isa = PBXFileReference; includeInIndex = 1; lastKnownFileType = text.xcconfig; name = "Pods-Chatify.debug.xcconfig"; path = "Pods/Target Support Files/Pods-Chatify/Pods-Chatify.debug.xcconfig"; sourceTree = "<group>"; };
		8EA0F6B709BA0A06EE3F5B91 /* Pods_Chatify.framework */ = {isa = PBXFileReference; explicitFileType = wrapper.framework; includeInIndex = 0; path = Pods_Chatify.framework; sourceTree = BUILT_PRODUCTS_DIR; };
		E78B00B6D09E2E4F5807B698 /* Pods-ChatifyUITests.debug.xcconfig */ = {isa = PBXFileReference; includeInIndex = 1; lastKnownFileType = text.xcconfig; name = "Pods-ChatifyUITests.debug.xcconfig"; path = "Pods/Target Support Files/Pods-ChatifyUITests/Pods-ChatifyUITests.debug.xcconfig"; sourceTree = "<group>"; };
		F5C94816F85FBB6FA5645212 /* Pods-ChatifyTests.debug.xcconfig */ = {isa = PBXFileReference; includeInIndex = 1; lastKnownFileType = text.xcconfig; name = "Pods-ChatifyTests.debug.xcconfig"; path = "Pods/Target Support Files/Pods-ChatifyTests/Pods-ChatifyTests.debug.xcconfig"; sourceTree = "<group>"; };
		FF6E46E2871E3D52D754E519 /* Pods-ChatifyUITests.release.xcconfig */ = {isa = PBXFileReference; includeInIndex = 1; lastKnownFileType = text.xcconfig; name = "Pods-ChatifyUITests.release.xcconfig"; path = "Pods/Target Support Files/Pods-ChatifyUITests/Pods-ChatifyUITests.release.xcconfig"; sourceTree = "<group>"; };
/* End PBXFileReference section */

/* Begin PBXFrameworksBuildPhase section */
		0A82C507215DB453005E3001 /* Frameworks */ = {
			isa = PBXFrameworksBuildPhase;
			buildActionMask = 2147483647;
			files = (
				812DC036E2D6AD10C277668A /* Pods_Chatify.framework in Frameworks */,
			);
			runOnlyForDeploymentPostprocessing = 0;
		};
		0A82C51B215DB455005E3001 /* Frameworks */ = {
			isa = PBXFrameworksBuildPhase;
			buildActionMask = 2147483647;
			files = (
				2AD6D6E1DAC5AF7D990D0D04 /* Pods_ChatifyTests.framework in Frameworks */,
			);
			runOnlyForDeploymentPostprocessing = 0;
		};
		0A82C526215DB455005E3001 /* Frameworks */ = {
			isa = PBXFrameworksBuildPhase;
			buildActionMask = 2147483647;
			files = (
				D3B606487008B6303F862A6B /* Pods_ChatifyUITests.framework in Frameworks */,
			);
			runOnlyForDeploymentPostprocessing = 0;
		};
/* End PBXFrameworksBuildPhase section */

/* Begin PBXGroup section */
		0A82C501215DB453005E3001 = {
			isa = PBXGroup;
			children = (
				0A82C50C215DB453005E3001 /* Chatify */,
				0A82C521215DB455005E3001 /* ChatifyTests */,
				0A82C52C215DB455005E3001 /* ChatifyUITests */,
				0A82C50B215DB453005E3001 /* Products */,
				8A6C522FF8EDC6E7F29A7AD8 /* Pods */,
				5997E7CFFB7D474AC8F9FFCB /* Frameworks */,
			);
			sourceTree = "<group>";
		};
		0A82C50B215DB453005E3001 /* Products */ = {
			isa = PBXGroup;
			children = (
				0A82C50A215DB453005E3001 /* Chatify.app */,
				0A82C51E215DB455005E3001 /* ChatifyTests.xctest */,
				0A82C529215DB455005E3001 /* ChatifyUITests.xctest */,
			);
			name = Products;
			sourceTree = "<group>";
		};
		0A82C50C215DB453005E3001 /* Chatify */ = {
			isa = PBXGroup;
			children = (
				0A82C50D215DB453005E3001 /* AppDelegate.swift */,
				0A82C50F215DB453005E3001 /* ViewController.swift */,
				0A82C511215DB453005E3001 /* Main.storyboard */,
				0A82C514215DB455005E3001 /* Assets.xcassets */,
				0A82C516215DB455005E3001 /* LaunchScreen.storyboard */,
				0A82C519215DB455005E3001 /* Info.plist */,
			);
			path = Chatify;
			sourceTree = "<group>";
		};
		0A82C521215DB455005E3001 /* ChatifyTests */ = {
			isa = PBXGroup;
			children = (
				0A82C522215DB455005E3001 /* ChatifyTests.swift */,
				0A82C524215DB455005E3001 /* Info.plist */,
			);
			path = ChatifyTests;
			sourceTree = "<group>";
		};
		0A82C52C215DB455005E3001 /* ChatifyUITests */ = {
			isa = PBXGroup;
			children = (
				0A82C52D215DB455005E3001 /* ChatifyUITests.swift */,
				0A82C52F215DB455005E3001 /* Info.plist */,
			);
			path = ChatifyUITests;
			sourceTree = "<group>";
		};
		5997E7CFFB7D474AC8F9FFCB /* Frameworks */ = {
			isa = PBXGroup;
			children = (
				8EA0F6B709BA0A06EE3F5B91 /* Pods_Chatify.framework */,
				5703E8F5E2E00BF0BCB4013F /* Pods_ChatifyTests.framework */,
				71BC2CA6BFA61B07A9B87331 /* Pods_ChatifyUITests.framework */,
			);
			name = Frameworks;
			sourceTree = "<group>";
		};
		8A6C522FF8EDC6E7F29A7AD8 /* Pods */ = {
			isa = PBXGroup;
			children = (
				75048E86EB7099384A824B76 /* Pods-Chatify.debug.xcconfig */,
				14B5D3B63308645D8A29708C /* Pods-Chatify.release.xcconfig */,
				F5C94816F85FBB6FA5645212 /* Pods-ChatifyTests.debug.xcconfig */,
				485E740DD805EF65FC5AB314 /* Pods-ChatifyTests.release.xcconfig */,
				E78B00B6D09E2E4F5807B698 /* Pods-ChatifyUITests.debug.xcconfig */,
				FF6E46E2871E3D52D754E519 /* Pods-ChatifyUITests.release.xcconfig */,
			);
			name = Pods;
			sourceTree = "<group>";
		};
/* End PBXGroup section */

/* Begin PBXNativeTarget section */
		0A82C509215DB453005E3001 /* Chatify */ = {
			isa = PBXNativeTarget;
			buildConfigurationList = 0A82C532215DB455005E3001 /* Build configuration list for PBXNativeTarget "Chatify" */;
			buildPhases = (
				A1CC671C1B413F046E92B333 /* [CP] Check Pods Manifest.lock */,
				0A82C506215DB453005E3001 /* Sources */,
				0A82C507215DB453005E3001 /* Frameworks */,
				0A82C508215DB453005E3001 /* Resources */,
				785DA77FA4F66F10307C9A62 /* [CP] Embed Pods Frameworks */,
			);
			buildRules = (
			);
			dependencies = (
			);
			name = Chatify;
			productName = Chatify;
			productReference = 0A82C50A215DB453005E3001 /* Chatify.app */;
			productType = "com.apple.product-type.application";
		};
		0A82C51D215DB455005E3001 /* ChatifyTests */ = {
			isa = PBXNativeTarget;
			buildConfigurationList = 0A82C535215DB455005E3001 /* Build configuration list for PBXNativeTarget "ChatifyTests" */;
			buildPhases = (
				ACC9386EC85A6E70C6FFD4D4 /* [CP] Check Pods Manifest.lock */,
				0A82C51A215DB455005E3001 /* Sources */,
				0A82C51B215DB455005E3001 /* Frameworks */,
				0A82C51C215DB455005E3001 /* Resources */,
			);
			buildRules = (
			);
			dependencies = (
				0A82C520215DB455005E3001 /* PBXTargetDependency */,
			);
			name = ChatifyTests;
			productName = ChatifyTests;
			productReference = 0A82C51E215DB455005E3001 /* ChatifyTests.xctest */;
			productType = "com.apple.product-type.bundle.unit-test";
		};
		0A82C528215DB455005E3001 /* ChatifyUITests */ = {
			isa = PBXNativeTarget;
			buildConfigurationList = 0A82C538215DB455005E3001 /* Build configuration list for PBXNativeTarget "ChatifyUITests" */;
			buildPhases = (
				FA5912D1FFC6B9231646BA2F /* [CP] Check Pods Manifest.lock */,
				0A82C525215DB455005E3001 /* Sources */,
				0A82C526215DB455005E3001 /* Frameworks */,
				0A82C527215DB455005E3001 /* Resources */,
			);
			buildRules = (
			);
			dependencies = (
				0A82C52B215DB455005E3001 /* PBXTargetDependency */,
			);
			name = ChatifyUITests;
			productName = ChatifyUITests;
			productReference = 0A82C529215DB455005E3001 /* ChatifyUITests.xctest */;
			productType = "com.apple.product-type.bundle.ui-testing";
		};
/* End PBXNativeTarget section */

/* Begin PBXProject section */
		0A82C502215DB453005E3001 /* Project object */ = {
			isa = PBXProject;
			attributes = {
				LastSwiftUpdateCheck = 1000;
				LastUpgradeCheck = 1000;
				ORGANIZATIONNAME = "Tommy Tran";
				TargetAttributes = {
					0A82C509215DB453005E3001 = {
						CreatedOnToolsVersion = 10.0;
					};
					0A82C51D215DB455005E3001 = {
						CreatedOnToolsVersion = 10.0;
						TestTargetID = 0A82C509215DB453005E3001;
					};
					0A82C528215DB455005E3001 = {
						CreatedOnToolsVersion = 10.0;
						TestTargetID = 0A82C509215DB453005E3001;
					};
				};
			};
			buildConfigurationList = 0A82C505215DB453005E3001 /* Build configuration list for PBXProject "Chatify" */;
			compatibilityVersion = "Xcode 9.3";
			developmentRegion = en;
			hasScannedForEncodings = 0;
			knownRegions = (
				en,
				Base,
			);
			mainGroup = 0A82C501215DB453005E3001;
			productRefGroup = 0A82C50B215DB453005E3001 /* Products */;
			projectDirPath = "";
			projectRoot = "";
			targets = (
				0A82C509215DB453005E3001 /* Chatify */,
				0A82C51D215DB455005E3001 /* ChatifyTests */,
				0A82C528215DB455005E3001 /* ChatifyUITests */,
			);
		};
/* End PBXProject section */

/* Begin PBXResourcesBuildPhase section */
		0A82C508215DB453005E3001 /* Resources */ = {
			isa = PBXResourcesBuildPhase;
			buildActionMask = 2147483647;
			files = (
				0A82C518215DB455005E3001 /* LaunchScreen.storyboard in Resources */,
				0A82C515215DB455005E3001 /* Assets.xcassets in Resources */,
				0A82C513215DB453005E3001 /* Main.storyboard in Resources */,
			);
			runOnlyForDeploymentPostprocessing = 0;
		};
		0A82C51C215DB455005E3001 /* Resources */ = {
			isa = PBXResourcesBuildPhase;
			buildActionMask = 2147483647;
			files = (
			);
			runOnlyForDeploymentPostprocessing = 0;
		};
		0A82C527215DB455005E3001 /* Resources */ = {
			isa = PBXResourcesBuildPhase;
			buildActionMask = 2147483647;
			files = (
			);
			runOnlyForDeploymentPostprocessing = 0;
		};
/* End PBXResourcesBuildPhase section */

/* Begin PBXShellScriptBuildPhase section */
		785DA77FA4F66F10307C9A62 /* [CP] Embed Pods Frameworks */ = {
			isa = PBXShellScriptBuildPhase;
			buildActionMask = 2147483647;
			files = (
			);
			inputFileListPaths = (
			);
			inputPaths = (
				"${SRCROOT}/Pods/Target Support Files/Pods-Chatify/Pods-Chatify-frameworks.sh",
				"${BUILT_PRODUCTS_DIR}/Bolts/Bolts.framework",
				"${BUILT_PRODUCTS_DIR}/Parse/Parse.framework",
			);
			name = "[CP] Embed Pods Frameworks";
			outputFileListPaths = (
			);
			outputPaths = (
				"${TARGET_BUILD_DIR}/${FRAMEWORKS_FOLDER_PATH}/Bolts.framework",
				"${TARGET_BUILD_DIR}/${FRAMEWORKS_FOLDER_PATH}/Parse.framework",
			);
			runOnlyForDeploymentPostprocessing = 0;
			shellPath = /bin/sh;
			shellScript = "\"${SRCROOT}/Pods/Target Support Files/Pods-Chatify/Pods-Chatify-frameworks.sh\"\n";
			showEnvVarsInLog = 0;
		};
		A1CC671C1B413F046E92B333 /* [CP] Check Pods Manifest.lock */ = {
			isa = PBXShellScriptBuildPhase;
			buildActionMask = 2147483647;
			files = (
			);
			inputFileListPaths = (
			);
			inputPaths = (
				"${PODS_PODFILE_DIR_PATH}/Podfile.lock",
				"${PODS_ROOT}/Manifest.lock",
			);
			name = "[CP] Check Pods Manifest.lock";
			outputFileListPaths = (
			);
			outputPaths = (
				"$(DERIVED_FILE_DIR)/Pods-Chatify-checkManifestLockResult.txt",
			);
			runOnlyForDeploymentPostprocessing = 0;
			shellPath = /bin/sh;
			shellScript = "diff \"${PODS_PODFILE_DIR_PATH}/Podfile.lock\" \"${PODS_ROOT}/Manifest.lock\" > /dev/null\nif [ $? != 0 ] ; then\n    # print error to STDERR\n    echo \"error: The sandbox is not in sync with the Podfile.lock. Run 'pod install' or update your CocoaPods installation.\" >&2\n    exit 1\nfi\n# This output is used by Xcode 'outputs' to avoid re-running this script phase.\necho \"SUCCESS\" > \"${SCRIPT_OUTPUT_FILE_0}\"\n";
			showEnvVarsInLog = 0;
		};
		ACC9386EC85A6E70C6FFD4D4 /* [CP] Check Pods Manifest.lock */ = {
			isa = PBXShellScriptBuildPhase;
			buildActionMask = 2147483647;
			files = (
			);
			inputFileListPaths = (
			);
			inputPaths = (
				"${PODS_PODFILE_DIR_PATH}/Podfile.lock",
				"${PODS_ROOT}/Manifest.lock",
			);
			name = "[CP] Check Pods Manifest.lock";
			outputFileListPaths = (
			);
			outputPaths = (
				"$(DERIVED_FILE_DIR)/Pods-ChatifyTests-checkManifestLockResult.txt",
			);
			runOnlyForDeploymentPostprocessing = 0;
			shellPath = /bin/sh;
			shellScript = "diff \"${PODS_PODFILE_DIR_PATH}/Podfile.lock\" \"${PODS_ROOT}/Manifest.lock\" > /dev/null\nif [ $? != 0 ] ; then\n    # print error to STDERR\n    echo \"error: The sandbox is not in sync with the Podfile.lock. Run 'pod install' or update your CocoaPods installation.\" >&2\n    exit 1\nfi\n# This output is used by Xcode 'outputs' to avoid re-running this script phase.\necho \"SUCCESS\" > \"${SCRIPT_OUTPUT_FILE_0}\"\n";
			showEnvVarsInLog = 0;
		};
		FA5912D1FFC6B9231646BA2F /* [CP] Check Pods Manifest.lock */ = {
			isa = PBXShellScriptBuildPhase;
			buildActionMask = 2147483647;
			files = (
			);
			inputFileListPaths = (
			);
			inputPaths = (
				"${PODS_PODFILE_DIR_PATH}/Podfile.lock",
				"${PODS_ROOT}/Manifest.lock",
			);
			name = "[CP] Check Pods Manifest.lock";
			outputFileListPaths = (
			);
			outputPaths = (
				"$(DERIVED_FILE_DIR)/Pods-ChatifyUITests-checkManifestLockResult.txt",
			);
			runOnlyForDeploymentPostprocessing = 0;
			shellPath = /bin/sh;
			shellScript = "diff \"${PODS_PODFILE_DIR_PATH}/Podfile.lock\" \"${PODS_ROOT}/Manifest.lock\" > /dev/null\nif [ $? != 0 ] ; then\n    # print error to STDERR\n    echo \"error: The sandbox is not in sync with the Podfile.lock. Run 'pod install' or update your CocoaPods installation.\" >&2\n    exit 1\nfi\n# This output is used by Xcode 'outputs' to avoid re-running this script phase.\necho \"SUCCESS\" > \"${SCRIPT_OUTPUT_FILE_0}\"\n";
			showEnvVarsInLog = 0;
		};
/* End PBXShellScriptBuildPhase section */

/* Begin PBXSourcesBuildPhase section */
		0A82C506215DB453005E3001 /* Sources */ = {
			isa = PBXSourcesBuildPhase;
			buildActionMask = 2147483647;
			files = (
				0A82C510215DB453005E3001 /* ViewController.swift in Sources */,
				0A82C50E215DB453005E3001 /* AppDelegate.swift in Sources */,
			);
			runOnlyForDeploymentPostprocessing = 0;
		};
		0A82C51A215DB455005E3001 /* Sources */ = {
			isa = PBXSourcesBuildPhase;
			buildActionMask = 2147483647;
			files = (
				0A82C523215DB455005E3001 /* ChatifyTests.swift in Sources */,
			);
			runOnlyForDeploymentPostprocessing = 0;
		};
		0A82C525215DB455005E3001 /* Sources */ = {
			isa = PBXSourcesBuildPhase;
			buildActionMask = 2147483647;
			files = (
				0A82C52E215DB455005E3001 /* ChatifyUITests.swift in Sources */,
			);
			runOnlyForDeploymentPostprocessing = 0;
		};
/* End PBXSourcesBuildPhase section */

/* Begin PBXTargetDependency section */
		0A82C520215DB455005E3001 /* PBXTargetDependency */ = {
			isa = PBXTargetDependency;
			target = 0A82C509215DB453005E3001 /* Chatify */;
			targetProxy = 0A82C51F215DB455005E3001 /* PBXContainerItemProxy */;
		};
		0A82C52B215DB455005E3001 /* PBXTargetDependency */ = {
			isa = PBXTargetDependency;
			target = 0A82C509215DB453005E3001 /* Chatify */;
			targetProxy = 0A82C52A215DB455005E3001 /* PBXContainerItemProxy */;
		};
/* End PBXTargetDependency section */

/* Begin PBXVariantGroup section */
		0A82C511215DB453005E3001 /* Main.storyboard */ = {
			isa = PBXVariantGroup;
			children = (
				0A82C512215DB453005E3001 /* Base */,
			);
			name = Main.storyboard;
			sourceTree = "<group>";
		};
		0A82C516215DB455005E3001 /* LaunchScreen.storyboard */ = {
			isa = PBXVariantGroup;
			children = (
				0A82C517215DB455005E3001 /* Base */,
			);
			name = LaunchScreen.storyboard;
			sourceTree = "<group>";
		};
/* End PBXVariantGroup section */

/* Begin XCBuildConfiguration section */
		0A82C530215DB455005E3001 /* Debug */ = {
			isa = XCBuildConfiguration;
			buildSettings = {
				ALWAYS_SEARCH_USER_PATHS = NO;
				CLANG_ANALYZER_NONNULL = YES;
				CLANG_ANALYZER_NUMBER_OBJECT_CONVERSION = YES_AGGRESSIVE;
				CLANG_CXX_LANGUAGE_STANDARD = "gnu++14";
				CLANG_CXX_LIBRARY = "libc++";
				CLANG_ENABLE_MODULES = YES;
				CLANG_ENABLE_OBJC_ARC = YES;
				CLANG_ENABLE_OBJC_WEAK = YES;
				CLANG_WARN_BLOCK_CAPTURE_AUTORELEASING = YES;
				CLANG_WARN_BOOL_CONVERSION = YES;
				CLANG_WARN_COMMA = YES;
				CLANG_WARN_CONSTANT_CONVERSION = YES;
				CLANG_WARN_DEPRECATED_OBJC_IMPLEMENTATIONS = YES;
				CLANG_WARN_DIRECT_OBJC_ISA_USAGE = YES_ERROR;
				CLANG_WARN_DOCUMENTATION_COMMENTS = YES;
				CLANG_WARN_EMPTY_BODY = YES;
				CLANG_WARN_ENUM_CONVERSION = YES;
				CLANG_WARN_INFINITE_RECURSION = YES;
				CLANG_WARN_INT_CONVERSION = YES;
				CLANG_WARN_NON_LITERAL_NULL_CONVERSION = YES;
				CLANG_WARN_OBJC_IMPLICIT_RETAIN_SELF = YES;
				CLANG_WARN_OBJC_LITERAL_CONVERSION = YES;
				CLANG_WARN_OBJC_ROOT_CLASS = YES_ERROR;
				CLANG_WARN_RANGE_LOOP_ANALYSIS = YES;
				CLANG_WARN_STRICT_PROTOTYPES = YES;
				CLANG_WARN_SUSPICIOUS_MOVE = YES;
				CLANG_WARN_UNGUARDED_AVAILABILITY = YES_AGGRESSIVE;
				CLANG_WARN_UNREACHABLE_CODE = YES;
				CLANG_WARN__DUPLICATE_METHOD_MATCH = YES;
				CODE_SIGN_IDENTITY = "iPhone Developer";
				COPY_PHASE_STRIP = NO;
				DEBUG_INFORMATION_FORMAT = dwarf;
				ENABLE_STRICT_OBJC_MSGSEND = YES;
				ENABLE_TESTABILITY = YES;
				GCC_C_LANGUAGE_STANDARD = gnu11;
				GCC_DYNAMIC_NO_PIC = NO;
				GCC_NO_COMMON_BLOCKS = YES;
				GCC_OPTIMIZATION_LEVEL = 0;
				GCC_PREPROCESSOR_DEFINITIONS = (
					"DEBUG=1",
					"$(inherited)",
				);
				GCC_WARN_64_TO_32_BIT_CONVERSION = YES;
				GCC_WARN_ABOUT_RETURN_TYPE = YES_ERROR;
				GCC_WARN_UNDECLARED_SELECTOR = YES;
				GCC_WARN_UNINITIALIZED_AUTOS = YES_AGGRESSIVE;
				GCC_WARN_UNUSED_FUNCTION = YES;
				GCC_WARN_UNUSED_VARIABLE = YES;
				IPHONEOS_DEPLOYMENT_TARGET = 12.0;
				MTL_ENABLE_DEBUG_INFO = INCLUDE_SOURCE;
				MTL_FAST_MATH = YES;
				ONLY_ACTIVE_ARCH = YES;
				SDKROOT = iphoneos;
				SWIFT_ACTIVE_COMPILATION_CONDITIONS = DEBUG;
				SWIFT_OPTIMIZATION_LEVEL = "-Onone";
			};
			name = Debug;
		};
		0A82C531215DB455005E3001 /* Release */ = {
			isa = XCBuildConfiguration;
			buildSettings = {
				ALWAYS_SEARCH_USER_PATHS = NO;
				CLANG_ANALYZER_NONNULL = YES;
				CLANG_ANALYZER_NUMBER_OBJECT_CONVERSION = YES_AGGRESSIVE;
				CLANG_CXX_LANGUAGE_STANDARD = "gnu++14";
				CLANG_CXX_LIBRARY = "libc++";
				CLANG_ENABLE_MODULES = YES;
				CLANG_ENABLE_OBJC_ARC = YES;
				CLANG_ENABLE_OBJC_WEAK = YES;
				CLANG_WARN_BLOCK_CAPTURE_AUTORELEASING = YES;
				CLANG_WARN_BOOL_CONVERSION = YES;
				CLANG_WARN_COMMA = YES;
				CLANG_WARN_CONSTANT_CONVERSION = YES;
				CLANG_WARN_DEPRECATED_OBJC_IMPLEMENTATIONS = YES;
				CLANG_WARN_DIRECT_OBJC_ISA_USAGE = YES_ERROR;
				CLANG_WARN_DOCUMENTATION_COMMENTS = YES;
				CLANG_WARN_EMPTY_BODY = YES;
				CLANG_WARN_ENUM_CONVERSION = YES;
				CLANG_WARN_INFINITE_RECURSION = YES;
				CLANG_WARN_INT_CONVERSION = YES;
				CLANG_WARN_NON_LITERAL_NULL_CONVERSION = YES;
				CLANG_WARN_OBJC_IMPLICIT_RETAIN_SELF = YES;
				CLANG_WARN_OBJC_LITERAL_CONVERSION = YES;
				CLANG_WARN_OBJC_ROOT_CLASS = YES_ERROR;
				CLANG_WARN_RANGE_LOOP_ANALYSIS = YES;
				CLANG_WARN_STRICT_PROTOTYPES = YES;
				CLANG_WARN_SUSPICIOUS_MOVE = YES;
				CLANG_WARN_UNGUARDED_AVAILABILITY = YES_AGGRESSIVE;
				CLANG_WARN_UNREACHABLE_CODE = YES;
				CLANG_WARN__DUPLICATE_METHOD_MATCH = YES;
				CODE_SIGN_IDENTITY = "iPhone Developer";
				COPY_PHASE_STRIP = NO;
				DEBUG_INFORMATION_FORMAT = "dwarf-with-dsym";
				ENABLE_NS_ASSERTIONS = NO;
				ENABLE_STRICT_OBJC_MSGSEND = YES;
				GCC_C_LANGUAGE_STANDARD = gnu11;
				GCC_NO_COMMON_BLOCKS = YES;
				GCC_WARN_64_TO_32_BIT_CONVERSION = YES;
				GCC_WARN_ABOUT_RETURN_TYPE = YES_ERROR;
				GCC_WARN_UNDECLARED_SELECTOR = YES;
				GCC_WARN_UNINITIALIZED_AUTOS = YES_AGGRESSIVE;
				GCC_WARN_UNUSED_FUNCTION = YES;
				GCC_WARN_UNUSED_VARIABLE = YES;
				IPHONEOS_DEPLOYMENT_TARGET = 12.0;
				MTL_ENABLE_DEBUG_INFO = NO;
				MTL_FAST_MATH = YES;
				SDKROOT = iphoneos;
				SWIFT_COMPILATION_MODE = wholemodule;
				SWIFT_OPTIMIZATION_LEVEL = "-O";
				VALIDATE_PRODUCT = YES;
			};
			name = Release;
		};
		0A82C533215DB455005E3001 /* Debug */ = {
			isa = XCBuildConfiguration;
			baseConfigurationReference = 75048E86EB7099384A824B76 /* Pods-Chatify.debug.xcconfig */;
			buildSettings = {
				ASSETCATALOG_COMPILER_APPICON_NAME = AppIcon;
				CODE_SIGN_STYLE = Automatic;
				DEVELOPMENT_TEAM = N7T32W5G6L;
				INFOPLIST_FILE = Chatify/Info.plist;
				LD_RUNPATH_SEARCH_PATHS = (
					"$(inherited)",
					"@executable_path/Frameworks",
				);
				PRODUCT_BUNDLE_IDENTIFIER = "T-T.Chatify";
				PRODUCT_NAME = "$(TARGET_NAME)";
				SWIFT_VERSION = 4.2;
				TARGETED_DEVICE_FAMILY = "1,2";
			};
			name = Debug;
		};
		0A82C534215DB455005E3001 /* Release */ = {
			isa = XCBuildConfiguration;
			baseConfigurationReference = 14B5D3B63308645D8A29708C /* Pods-Chatify.release.xcconfig */;
			buildSettings = {
				ASSETCATALOG_COMPILER_APPICON_NAME = AppIcon;
				CODE_SIGN_STYLE = Automatic;
				DEVELOPMENT_TEAM = N7T32W5G6L;
				INFOPLIST_FILE = Chatify/Info.plist;
				LD_RUNPATH_SEARCH_PATHS = (
					"$(inherited)",
					"@executable_path/Frameworks",
				);
				PRODUCT_BUNDLE_IDENTIFIER = "T-T.Chatify";
				PRODUCT_NAME = "$(TARGET_NAME)";
				SWIFT_VERSION = 4.2;
				TARGETED_DEVICE_FAMILY = "1,2";
			};
			name = Release;
		};
		0A82C536215DB455005E3001 /* Debug */ = {
			isa = XCBuildConfiguration;
			baseConfigurationReference = F5C94816F85FBB6FA5645212 /* Pods-ChatifyTests.debug.xcconfig */;
			buildSettings = {
				ALWAYS_EMBED_SWIFT_STANDARD_LIBRARIES = YES;
				BUNDLE_LOADER = "$(TEST_HOST)";
				CODE_SIGN_STYLE = Automatic;
				DEVELOPMENT_TEAM = N7T32W5G6L;
				INFOPLIST_FILE = ChatifyTests/Info.plist;
				LD_RUNPATH_SEARCH_PATHS = (
					"$(inherited)",
					"@executable_path/Frameworks",
					"@loader_path/Frameworks",
				);
				PRODUCT_BUNDLE_IDENTIFIER = "T-T.ChatifyTests";
				PRODUCT_NAME = "$(TARGET_NAME)";
				SWIFT_VERSION = 4.2;
				TARGETED_DEVICE_FAMILY = "1,2";
				TEST_HOST = "$(BUILT_PRODUCTS_DIR)/Chatify.app/Chatify";
			};
			name = Debug;
		};
		0A82C537215DB455005E3001 /* Release */ = {
			isa = XCBuildConfiguration;
			baseConfigurationReference = 485E740DD805EF65FC5AB314 /* Pods-ChatifyTests.release.xcconfig */;
			buildSettings = {
				ALWAYS_EMBED_SWIFT_STANDARD_LIBRARIES = YES;
				BUNDLE_LOADER = "$(TEST_HOST)";
				CODE_SIGN_STYLE = Automatic;
				DEVELOPMENT_TEAM = N7T32W5G6L;
				INFOPLIST_FILE = ChatifyTests/Info.plist;
				LD_RUNPATH_SEARCH_PATHS = (
					"$(inherited)",
					"@executable_path/Frameworks",
					"@loader_path/Frameworks",
				);
				PRODUCT_BUNDLE_IDENTIFIER = "T-T.ChatifyTests";
				PRODUCT_NAME = "$(TARGET_NAME)";
				SWIFT_VERSION = 4.2;
				TARGETED_DEVICE_FAMILY = "1,2";
				TEST_HOST = "$(BUILT_PRODUCTS_DIR)/Chatify.app/Chatify";
			};
			name = Release;
		};
		0A82C539215DB455005E3001 /* Debug */ = {
			isa = XCBuildConfiguration;
			baseConfigurationReference = E78B00B6D09E2E4F5807B698 /* Pods-ChatifyUITests.debug.xcconfig */;
			buildSettings = {
				ALWAYS_EMBED_SWIFT_STANDARD_LIBRARIES = YES;
				CODE_SIGN_STYLE = Automatic;
				DEVELOPMENT_TEAM = N7T32W5G6L;
				INFOPLIST_FILE = ChatifyUITests/Info.plist;
				LD_RUNPATH_SEARCH_PATHS = (
					"$(inherited)",
					"@executable_path/Frameworks",
					"@loader_path/Frameworks",
				);
				PRODUCT_BUNDLE_IDENTIFIER = "T-T.ChatifyUITests";
				PRODUCT_NAME = "$(TARGET_NAME)";
				SWIFT_VERSION = 4.2;
				TARGETED_DEVICE_FAMILY = "1,2";
				TEST_TARGET_NAME = Chatify;
			};
			name = Debug;
		};
		0A82C53A215DB455005E3001 /* Release */ = {
			isa = XCBuildConfiguration;
			baseConfigurationReference = FF6E46E2871E3D52D754E519 /* Pods-ChatifyUITests.release.xcconfig */;
			buildSettings = {
				ALWAYS_EMBED_SWIFT_STANDARD_LIBRARIES = YES;
				CODE_SIGN_STYLE = Automatic;
				DEVELOPMENT_TEAM = N7T32W5G6L;
				INFOPLIST_FILE = ChatifyUITests/Info.plist;
				LD_RUNPATH_SEARCH_PATHS = (
					"$(inherited)",
					"@executable_path/Frameworks",
					"@loader_path/Frameworks",
				);
				PRODUCT_BUNDLE_IDENTIFIER = "T-T.ChatifyUITests";
				PRODUCT_NAME = "$(TARGET_NAME)";
				SWIFT_VERSION = 4.2;
				TARGETED_DEVICE_FAMILY = "1,2";
				TEST_TARGET_NAME = Chatify;
			};
			name = Release;
		};
/* End XCBuildConfiguration section */

/* Begin XCConfigurationList section */
		0A82C505215DB453005E3001 /* Build configuration list for PBXProject "Chatify" */ = {
			isa = XCConfigurationList;
			buildConfigurations = (
				0A82C530215DB455005E3001 /* Debug */,
				0A82C531215DB455005E3001 /* Release */,
			);
			defaultConfigurationIsVisible = 0;
			defaultConfigurationName = Release;
		};
		0A82C532215DB455005E3001 /* Build configuration list for PBXNativeTarget "Chatify" */ = {
			isa = XCConfigurationList;
			buildConfigurations = (
				0A82C533215DB455005E3001 /* Debug */,
				0A82C534215DB455005E3001 /* Release */,
			);
			defaultConfigurationIsVisible = 0;
			defaultConfigurationName = Release;
		};
		0A82C535215DB455005E3001 /* Build configuration list for PBXNativeTarget "ChatifyTests" */ = {
			isa = XCConfigurationList;
			buildConfigurations = (
				0A82C536215DB455005E3001 /* Debug */,
				0A82C537215DB455005E3001 /* Release */,
			);
			defaultConfigurationIsVisible = 0;
			defaultConfigurationName = Release;
		};
		0A82C538215DB455005E3001 /* Build configuration list for PBXNativeTarget "ChatifyUITests" */ = {
			isa = XCConfigurationList;
			buildConfigurations = (
				0A82C539215DB455005E3001 /* Debug */,
				0A82C53A215DB455005E3001 /* Release */,
			);
			defaultConfigurationIsVisible = 0;
			defaultConfigurationName = Release;
		};
/* End XCConfigurationList section */
	};
	rootObject = 0A82C502215DB453005E3001 /* Project object */;
}
